// !$*UTF8*$!
{
	archiveVersion = 1;
	classes = {
	};
	objectVersion = 55;
	objects = {

/* Begin PBXBuildFile section */
		D2309F7B28BF2F33000EFAAA /* WalletConnect.swift in Sources */ = {isa = PBXBuildFile; fileRef = D2309F7A28BF2F33000EFAAA /* WalletConnect.swift */; };
		D2309F7D28BF422A000EFAAA /* HandShakeView.swift in Sources */ = {isa = PBXBuildFile; fileRef = D2309F7C28BF422A000EFAAA /* HandShakeView.swift */; };
		D26E75F828BEE55100B44465 /* WalletHwangApp.swift in Sources */ = {isa = PBXBuildFile; fileRef = D26E75F728BEE55100B44465 /* WalletHwangApp.swift */; };
		D26E75FA28BEE55100B44465 /* LoginView.swift in Sources */ = {isa = PBXBuildFile; fileRef = D26E75F928BEE55100B44465 /* LoginView.swift */; };
		D26E75FC28BEE55300B44465 /* Assets.xcassets in Resources */ = {isa = PBXBuildFile; fileRef = D26E75FB28BEE55300B44465 /* Assets.xcassets */; };
		D26E75FF28BEE55300B44465 /* Preview Assets.xcassets in Resources */ = {isa = PBXBuildFile; fileRef = D26E75FE28BEE55300B44465 /* Preview Assets.xcassets */; };
		D26E760928BEE55400B44465 /* WalletHwangTests.swift in Sources */ = {isa = PBXBuildFile; fileRef = D26E760828BEE55400B44465 /* WalletHwangTests.swift */; };
		D26E761328BEE55400B44465 /* WalletHwangUITests.swift in Sources */ = {isa = PBXBuildFile; fileRef = D26E761228BEE55400B44465 /* WalletHwangUITests.swift */; };
		D26E761528BEE55400B44465 /* WalletHwangUITestsLaunchTests.swift in Sources */ = {isa = PBXBuildFile; fileRef = D26E761428BEE55400B44465 /* WalletHwangUITestsLaunchTests.swift */; };
		D26E762328BEE59700B44465 /* WalletConnectSwift in Frameworks */ = {isa = PBXBuildFile; productRef = D26E762228BEE59700B44465 /* WalletConnectSwift */; };
		D282B57A28D30E1700DA3A97 /* LoginVM.swift in Sources */ = {isa = PBXBuildFile; fileRef = D282B57928D30E1700DA3A97 /* LoginVM.swift */; };
		D289F64028C5C65800964C61 /* MainView.swift in Sources */ = {isa = PBXBuildFile; fileRef = D289F63F28C5C65800964C61 /* MainView.swift */; };
		D2ABB24228DAF3460037C8C7 /* Utils.swift in Sources */ = {isa = PBXBuildFile; fileRef = D2ABB24128DAF3460037C8C7 /* Utils.swift */; };
/* End PBXBuildFile section */

/* Begin PBXContainerItemProxy section */
		D26E760528BEE55400B44465 /* PBXContainerItemProxy */ = {
			isa = PBXContainerItemProxy;
			containerPortal = D26E75EC28BEE55100B44465 /* Project object */;
			proxyType = 1;
			remoteGlobalIDString = D26E75F328BEE55100B44465;
			remoteInfo = WalletHwang;
		};
		D26E760F28BEE55400B44465 /* PBXContainerItemProxy */ = {
			isa = PBXContainerItemProxy;
			containerPortal = D26E75EC28BEE55100B44465 /* Project object */;
			proxyType = 1;
			remoteGlobalIDString = D26E75F328BEE55100B44465;
			remoteInfo = WalletHwang;
		};
/* End PBXContainerItemProxy section */

/* Begin PBXFileReference section */
		D2309F7A28BF2F33000EFAAA /* WalletConnect.swift */ = {isa = PBXFileReference; lastKnownFileType = sourcecode.swift; path = WalletConnect.swift; sourceTree = "<group>"; };
		D2309F7C28BF422A000EFAAA /* HandShakeView.swift */ = {isa = PBXFileReference; lastKnownFileType = sourcecode.swift; path = HandShakeView.swift; sourceTree = "<group>"; };
		D26E75F428BEE55100B44465 /* WalletHwang.app */ = {isa = PBXFileReference; explicitFileType = wrapper.application; includeInIndex = 0; path = WalletHwang.app; sourceTree = BUILT_PRODUCTS_DIR; };
		D26E75F728BEE55100B44465 /* WalletHwangApp.swift */ = {isa = PBXFileReference; lastKnownFileType = sourcecode.swift; path = WalletHwangApp.swift; sourceTree = "<group>"; };
		D26E75F928BEE55100B44465 /* LoginView.swift */ = {isa = PBXFileReference; lastKnownFileType = sourcecode.swift; path = LoginView.swift; sourceTree = "<group>"; };
		D26E75FB28BEE55300B44465 /* Assets.xcassets */ = {isa = PBXFileReference; lastKnownFileType = folder.assetcatalog; path = Assets.xcassets; sourceTree = "<group>"; };
		D26E75FE28BEE55300B44465 /* Preview Assets.xcassets */ = {isa = PBXFileReference; lastKnownFileType = folder.assetcatalog; path = "Preview Assets.xcassets"; sourceTree = "<group>"; };
		D26E760428BEE55400B44465 /* WalletHwangTests.xctest */ = {isa = PBXFileReference; explicitFileType = wrapper.cfbundle; includeInIndex = 0; path = WalletHwangTests.xctest; sourceTree = BUILT_PRODUCTS_DIR; };
		D26E760828BEE55400B44465 /* WalletHwangTests.swift */ = {isa = PBXFileReference; lastKnownFileType = sourcecode.swift; path = WalletHwangTests.swift; sourceTree = "<group>"; };
		D26E760E28BEE55400B44465 /* WalletHwangUITests.xctest */ = {isa = PBXFileReference; explicitFileType = wrapper.cfbundle; includeInIndex = 0; path = WalletHwangUITests.xctest; sourceTree = BUILT_PRODUCTS_DIR; };
		D26E761228BEE55400B44465 /* WalletHwangUITests.swift */ = {isa = PBXFileReference; lastKnownFileType = sourcecode.swift; path = WalletHwangUITests.swift; sourceTree = "<group>"; };
		D26E761428BEE55400B44465 /* WalletHwangUITestsLaunchTests.swift */ = {isa = PBXFileReference; lastKnownFileType = sourcecode.swift; path = WalletHwangUITestsLaunchTests.swift; sourceTree = "<group>"; };
		D282B57928D30E1700DA3A97 /* LoginVM.swift */ = {isa = PBXFileReference; lastKnownFileType = sourcecode.swift; path = LoginVM.swift; sourceTree = "<group>"; };
		D289F63F28C5C65800964C61 /* MainView.swift */ = {isa = PBXFileReference; lastKnownFileType = sourcecode.swift; path = MainView.swift; sourceTree = "<group>"; };
		D289F64128C5D44800964C61 /* Info.plist */ = {isa = PBXFileReference; lastKnownFileType = text.plist; path = Info.plist; sourceTree = "<group>"; };
		D2ABB24128DAF3460037C8C7 /* Utils.swift */ = {isa = PBXFileReference; lastKnownFileType = sourcecode.swift; path = Utils.swift; sourceTree = "<group>"; };
/* End PBXFileReference section */

/* Begin PBXFrameworksBuildPhase section */
		D26E75F128BEE55100B44465 /* Frameworks */ = {
			isa = PBXFrameworksBuildPhase;
			buildActionMask = 2147483647;
			files = (
				D26E762328BEE59700B44465 /* WalletConnectSwift in Frameworks */,
			);
			runOnlyForDeploymentPostprocessing = 0;
		};
		D26E760128BEE55400B44465 /* Frameworks */ = {
			isa = PBXFrameworksBuildPhase;
			buildActionMask = 2147483647;
			files = (
			);
			runOnlyForDeploymentPostprocessing = 0;
		};
		D26E760B28BEE55400B44465 /* Frameworks */ = {
			isa = PBXFrameworksBuildPhase;
			buildActionMask = 2147483647;
			files = (
			);
			runOnlyForDeploymentPostprocessing = 0;
		};
/* End PBXFrameworksBuildPhase section */

/* Begin PBXGroup section */
		D26E75EB28BEE55100B44465 = {
			isa = PBXGroup;
			children = (
				D26E75F628BEE55100B44465 /* WalletHwang */,
				D26E760728BEE55400B44465 /* WalletHwangTests */,
				D26E761128BEE55400B44465 /* WalletHwangUITests */,
				D26E75F528BEE55100B44465 /* Products */,
			);
			sourceTree = "<group>";
		};
		D26E75F528BEE55100B44465 /* Products */ = {
			isa = PBXGroup;
			children = (
				D26E75F428BEE55100B44465 /* WalletHwang.app */,
				D26E760428BEE55400B44465 /* WalletHwangTests.xctest */,
				D26E760E28BEE55400B44465 /* WalletHwangUITests.xctest */,
			);
			name = Products;
			sourceTree = "<group>";
		};
		D26E75F628BEE55100B44465 /* WalletHwang */ = {
			isa = PBXGroup;
			children = (
				D289F64128C5D44800964C61 /* Info.plist */,
				D26E75F728BEE55100B44465 /* WalletHwangApp.swift */,
				D26E75F928BEE55100B44465 /* LoginView.swift */,
				D282B57928D30E1700DA3A97 /* LoginVM.swift */,
				D2309F7A28BF2F33000EFAAA /* WalletConnect.swift */,
				D2309F7C28BF422A000EFAAA /* HandShakeView.swift */,
				D289F63F28C5C65800964C61 /* MainView.swift */,
				D2ABB24128DAF3460037C8C7 /* Utils.swift */,
				D26E75FB28BEE55300B44465 /* Assets.xcassets */,
				D26E75FD28BEE55300B44465 /* Preview Content */,
			);
			path = WalletHwang;
			sourceTree = "<group>";
		};
		D26E75FD28BEE55300B44465 /* Preview Content */ = {
			isa = PBXGroup;
			children = (
				D26E75FE28BEE55300B44465 /* Preview Assets.xcassets */,
			);
			path = "Preview Content";
			sourceTree = "<group>";
		};
		D26E760728BEE55400B44465 /* WalletHwangTests */ = {
			isa = PBXGroup;
			children = (
				D26E760828BEE55400B44465 /* WalletHwangTests.swift */,
			);
			path = WalletHwangTests;
			sourceTree = "<group>";
		};
		D26E761128BEE55400B44465 /* WalletHwangUITests */ = {
			isa = PBXGroup;
			children = (
				D26E761228BEE55400B44465 /* WalletHwangUITests.swift */,
				D26E761428BEE55400B44465 /* WalletHwangUITestsLaunchTests.swift */,
			);
			path = WalletHwangUITests;
			sourceTree = "<group>";
		};
/* End PBXGroup section */

/* Begin PBXNativeTarget section */
		D26E75F328BEE55100B44465 /* WalletHwang */ = {
			isa = PBXNativeTarget;
			buildConfigurationList = D26E761828BEE55400B44465 /* Build configuration list for PBXNativeTarget "WalletHwang" */;
			buildPhases = (
				D26E75F028BEE55100B44465 /* Sources */,
				D26E75F128BEE55100B44465 /* Frameworks */,
				D26E75F228BEE55100B44465 /* Resources */,
			);
			buildRules = (
			);
			dependencies = (
			);
			name = WalletHwang;
			packageProductDependencies = (
				D26E762228BEE59700B44465 /* WalletConnectSwift */,
			);
			productName = WalletHwang;
			productReference = D26E75F428BEE55100B44465 /* WalletHwang.app */;
			productType = "com.apple.product-type.application";
		};
		D26E760328BEE55400B44465 /* WalletHwangTests */ = {
			isa = PBXNativeTarget;
			buildConfigurationList = D26E761B28BEE55400B44465 /* Build configuration list for PBXNativeTarget "WalletHwangTests" */;
			buildPhases = (
				D26E760028BEE55400B44465 /* Sources */,
				D26E760128BEE55400B44465 /* Frameworks */,
				D26E760228BEE55400B44465 /* Resources */,
			);
			buildRules = (
			);
			dependencies = (
				D26E760628BEE55400B44465 /* PBXTargetDependency */,
			);
			name = WalletHwangTests;
			productName = WalletHwangTests;
			productReference = D26E760428BEE55400B44465 /* WalletHwangTests.xctest */;
			productType = "com.apple.product-type.bundle.unit-test";
		};
		D26E760D28BEE55400B44465 /* WalletHwangUITests */ = {
			isa = PBXNativeTarget;
			buildConfigurationList = D26E761E28BEE55400B44465 /* Build configuration list for PBXNativeTarget "WalletHwangUITests" */;
			buildPhases = (
				D26E760A28BEE55400B44465 /* Sources */,
				D26E760B28BEE55400B44465 /* Frameworks */,
				D26E760C28BEE55400B44465 /* Resources */,
			);
			buildRules = (
			);
			dependencies = (
				D26E761028BEE55400B44465 /* PBXTargetDependency */,
			);
			name = WalletHwangUITests;
			productName = WalletHwangUITests;
			productReference = D26E760E28BEE55400B44465 /* WalletHwangUITests.xctest */;
			productType = "com.apple.product-type.bundle.ui-testing";
		};
/* End PBXNativeTarget section */

/* Begin PBXProject section */
		D26E75EC28BEE55100B44465 /* Project object */ = {
			isa = PBXProject;
			attributes = {
				BuildIndependentTargetsInParallel = 1;
				LastSwiftUpdateCheck = 1340;
				LastUpgradeCheck = 1340;
				TargetAttributes = {
					D26E75F328BEE55100B44465 = {
						CreatedOnToolsVersion = 13.4.1;
					};
					D26E760328BEE55400B44465 = {
						CreatedOnToolsVersion = 13.4.1;
						TestTargetID = D26E75F328BEE55100B44465;
					};
					D26E760D28BEE55400B44465 = {
						CreatedOnToolsVersion = 13.4.1;
						TestTargetID = D26E75F328BEE55100B44465;
					};
				};
			};
			buildConfigurationList = D26E75EF28BEE55100B44465 /* Build configuration list for PBXProject "WalletHwang" */;
			compatibilityVersion = "Xcode 13.0";
			developmentRegion = en;
			hasScannedForEncodings = 0;
			knownRegions = (
				en,
				Base,
			);
			mainGroup = D26E75EB28BEE55100B44465;
			packageReferences = (
				D26E762128BEE59700B44465 /* XCRemoteSwiftPackageReference "WalletConnectSwift" */,
			);
			productRefGroup = D26E75F528BEE55100B44465 /* Products */;
			projectDirPath = "";
			projectRoot = "";
			targets = (
				D26E75F328BEE55100B44465 /* WalletHwang */,
				D26E760328BEE55400B44465 /* WalletHwangTests */,
				D26E760D28BEE55400B44465 /* WalletHwangUITests */,
			);
		};
/* End PBXProject section */

/* Begin PBXResourcesBuildPhase section */
		D26E75F228BEE55100B44465 /* Resources */ = {
			isa = PBXResourcesBuildPhase;
			buildActionMask = 2147483647;
			files = (
				D26E75FF28BEE55300B44465 /* Preview Assets.xcassets in Resources */,
				D26E75FC28BEE55300B44465 /* Assets.xcassets in Resources */,
			);
			runOnlyForDeploymentPostprocessing = 0;
		};
		D26E760228BEE55400B44465 /* Resources */ = {
			isa = PBXResourcesBuildPhase;
			buildActionMask = 2147483647;
			files = (
			);
			runOnlyForDeploymentPostprocessing = 0;
		};
		D26E760C28BEE55400B44465 /* Resources */ = {
			isa = PBXResourcesBuildPhase;
			buildActionMask = 2147483647;
			files = (
			);
			runOnlyForDeploymentPostprocessing = 0;
		};
/* End PBXResourcesBuildPhase section */

/* Begin PBXSourcesBuildPhase section */
		D26E75F028BEE55100B44465 /* Sources */ = {
			isa = PBXSourcesBuildPhase;
			buildActionMask = 2147483647;
			files = (
				D2309F7D28BF422A000EFAAA /* HandShakeView.swift in Sources */,
				D26E75FA28BEE55100B44465 /* LoginView.swift in Sources */,
				D282B57A28D30E1700DA3A97 /* LoginVM.swift in Sources */,
				D2ABB24228DAF3460037C8C7 /* Utils.swift in Sources */,
				D26E75F828BEE55100B44465 /* WalletHwangApp.swift in Sources */,
				D289F64028C5C65800964C61 /* MainView.swift in Sources */,
				D2309F7B28BF2F33000EFAAA /* WalletConnect.swift in Sources */,
			);
			runOnlyForDeploymentPostprocessing = 0;
		};
		D26E760028BEE55400B44465 /* Sources */ = {
			isa = PBXSourcesBuildPhase;
			buildActionMask = 2147483647;
			files = (
				D26E760928BEE55400B44465 /* WalletHwangTests.swift in Sources */,
			);
			runOnlyForDeploymentPostprocessing = 0;
		};
		D26E760A28BEE55400B44465 /* Sources */ = {
			isa = PBXSourcesBuildPhase;
			buildActionMask = 2147483647;
			files = (
				D26E761328BEE55400B44465 /* WalletHwangUITests.swift in Sources */,
				D26E761528BEE55400B44465 /* WalletHwangUITestsLaunchTests.swift in Sources */,
			);
			runOnlyForDeploymentPostprocessing = 0;
		};
/* End PBXSourcesBuildPhase section */

/* Begin PBXTargetDependency section */
		D26E760628BEE55400B44465 /* PBXTargetDependency */ = {
			isa = PBXTargetDependency;
			target = D26E75F328BEE55100B44465 /* WalletHwang */;
			targetProxy = D26E760528BEE55400B44465 /* PBXContainerItemProxy */;
		};
		D26E761028BEE55400B44465 /* PBXTargetDependency */ = {
			isa = PBXTargetDependency;
			target = D26E75F328BEE55100B44465 /* WalletHwang */;
			targetProxy = D26E760F28BEE55400B44465 /* PBXContainerItemProxy */;
		};
/* End PBXTargetDependency section */

/* Begin XCBuildConfiguration section */
		D26E761628BEE55400B44465 /* Debug */ = {
			isa = XCBuildConfiguration;
			buildSettings = {
				ALWAYS_SEARCH_USER_PATHS = NO;
				CLANG_ANALYZER_NONNULL = YES;
				CLANG_ANALYZER_NUMBER_OBJECT_CONVERSION = YES_AGGRESSIVE;
				CLANG_CXX_LANGUAGE_STANDARD = "gnu++17";
				CLANG_ENABLE_MODULES = YES;
				CLANG_ENABLE_OBJC_ARC = YES;
				CLANG_ENABLE_OBJC_WEAK = YES;
				CLANG_WARN_BLOCK_CAPTURE_AUTORELEASING = YES;
				CLANG_WARN_BOOL_CONVERSION = YES;
				CLANG_WARN_COMMA = YES;
				CLANG_WARN_CONSTANT_CONVERSION = YES;
				CLANG_WARN_DEPRECATED_OBJC_IMPLEMENTATIONS = YES;
				CLANG_WARN_DIRECT_OBJC_ISA_USAGE = YES_ERROR;
				CLANG_WARN_DOCUMENTATION_COMMENTS = YES;
				CLANG_WARN_EMPTY_BODY = YES;
				CLANG_WARN_ENUM_CONVERSION = YES;
				CLANG_WARN_INFINITE_RECURSION = YES;
				CLANG_WARN_INT_CONVERSION = YES;
				CLANG_WARN_NON_LITERAL_NULL_CONVERSION = YES;
				CLANG_WARN_OBJC_IMPLICIT_RETAIN_SELF = YES;
				CLANG_WARN_OBJC_LITERAL_CONVERSION = YES;
				CLANG_WARN_OBJC_ROOT_CLASS = YES_ERROR;
				CLANG_WARN_QUOTED_INCLUDE_IN_FRAMEWORK_HEADER = YES;
				CLANG_WARN_RANGE_LOOP_ANALYSIS = YES;
				CLANG_WARN_STRICT_PROTOTYPES = YES;
				CLANG_WARN_SUSPICIOUS_MOVE = YES;
				CLANG_WARN_UNGUARDED_AVAILABILITY = YES_AGGRESSIVE;
				CLANG_WARN_UNREACHABLE_CODE = YES;
				CLANG_WARN__DUPLICATE_METHOD_MATCH = YES;
				COPY_PHASE_STRIP = NO;
				DEBUG_INFORMATION_FORMAT = dwarf;
				ENABLE_STRICT_OBJC_MSGSEND = YES;
				ENABLE_TESTABILITY = YES;
				GCC_C_LANGUAGE_STANDARD = gnu11;
				GCC_DYNAMIC_NO_PIC = NO;
				GCC_NO_COMMON_BLOCKS = YES;
				GCC_OPTIMIZATION_LEVEL = 0;
				GCC_PREPROCESSOR_DEFINITIONS = (
					"DEBUG=1",
					"$(inherited)",
				);
				GCC_WARN_64_TO_32_BIT_CONVERSION = YES;
				GCC_WARN_ABOUT_RETURN_TYPE = YES_ERROR;
				GCC_WARN_UNDECLARED_SELECTOR = YES;
				GCC_WARN_UNINITIALIZED_AUTOS = YES_AGGRESSIVE;
				GCC_WARN_UNUSED_FUNCTION = YES;
				GCC_WARN_UNUSED_VARIABLE = YES;
				IPHONEOS_DEPLOYMENT_TARGET = 15.5;
				MTL_ENABLE_DEBUG_INFO = INCLUDE_SOURCE;
				MTL_FAST_MATH = YES;
				ONLY_ACTIVE_ARCH = YES;
				SDKROOT = iphoneos;
				SWIFT_ACTIVE_COMPILATION_CONDITIONS = DEBUG;
				SWIFT_OPTIMIZATION_LEVEL = "-Onone";
			};
			name = Debug;
		};
		D26E761728BEE55400B44465 /* Release */ = {
			isa = XCBuildConfiguration;
			buildSettings = {
				ALWAYS_SEARCH_USER_PATHS = NO;
				CLANG_ANALYZER_NONNULL = YES;
				CLANG_ANALYZER_NUMBER_OBJECT_CONVERSION = YES_AGGRESSIVE;
				CLANG_CXX_LANGUAGE_STANDARD = "gnu++17";
				CLANG_ENABLE_MODULES = YES;
				CLANG_ENABLE_OBJC_ARC = YES;
				CLANG_ENABLE_OBJC_WEAK = YES;
				CLANG_WARN_BLOCK_CAPTURE_AUTORELEASING = YES;
				CLANG_WARN_BOOL_CONVERSION = YES;
				CLANG_WARN_COMMA = YES;
				CLANG_WARN_CONSTANT_CONVERSION = YES;
				CLANG_WARN_DEPRECATED_OBJC_IMPLEMENTATIONS = YES;
				CLANG_WARN_DIRECT_OBJC_ISA_USAGE = YES_ERROR;
				CLANG_WARN_DOCUMENTATION_COMMENTS = YES;
				CLANG_WARN_EMPTY_BODY = YES;
				CLANG_WARN_ENUM_CONVERSION = YES;
				CLANG_WARN_INFINITE_RECURSION = YES;
				CLANG_WARN_INT_CONVERSION = YES;
				CLANG_WARN_NON_LITERAL_NULL_CONVERSION = YES;
				CLANG_WARN_OBJC_IMPLICIT_RETAIN_SELF = YES;
				CLANG_WARN_OBJC_LITERAL_CONVERSION = YES;
				CLANG_WARN_OBJC_ROOT_CLASS = YES_ERROR;
				CLANG_WARN_QUOTED_INCLUDE_IN_FRAMEWORK_HEADER = YES;
				CLANG_WARN_RANGE_LOOP_ANALYSIS = YES;
				CLANG_WARN_STRICT_PROTOTYPES = YES;
				CLANG_WARN_SUSPICIOUS_MOVE = YES;
				CLANG_WARN_UNGUARDED_AVAILABILITY = YES_AGGRESSIVE;
				CLANG_WARN_UNREACHABLE_CODE = YES;
				CLANG_WARN__DUPLICATE_METHOD_MATCH = YES;
				COPY_PHASE_STRIP = NO;
				DEBUG_INFORMATION_FORMAT = "dwarf-with-dsym";
				ENABLE_NS_ASSERTIONS = NO;
				ENABLE_STRICT_OBJC_MSGSEND = YES;
				GCC_C_LANGUAGE_STANDARD = gnu11;
				GCC_NO_COMMON_BLOCKS = YES;
				GCC_WARN_64_TO_32_BIT_CONVERSION = YES;
				GCC_WARN_ABOUT_RETURN_TYPE = YES_ERROR;
				GCC_WARN_UNDECLARED_SELECTOR = YES;
				GCC_WARN_UNINITIALIZED_AUTOS = YES_AGGRESSIVE;
				GCC_WARN_UNUSED_FUNCTION = YES;
				GCC_WARN_UNUSED_VARIABLE = YES;
				IPHONEOS_DEPLOYMENT_TARGET = 15.5;
				MTL_ENABLE_DEBUG_INFO = NO;
				MTL_FAST_MATH = YES;
				SDKROOT = iphoneos;
				SWIFT_COMPILATION_MODE = wholemodule;
				SWIFT_OPTIMIZATION_LEVEL = "-O";
				VALIDATE_PRODUCT = YES;
			};
			name = Release;
		};
		D26E761928BEE55400B44465 /* Debug */ = {
			isa = XCBuildConfiguration;
			buildSettings = {
				ASSETCATALOG_COMPILER_APPICON_NAME = AppIcon;
				ASSETCATALOG_COMPILER_GLOBAL_ACCENT_COLOR_NAME = AccentColor;
				CODE_SIGN_STYLE = Automatic;
				CURRENT_PROJECT_VERSION = 1;
				DEVELOPMENT_ASSET_PATHS = "\"WalletHwang/Preview Content\"";
				DEVELOPMENT_TEAM = GW6LAXH5RW;
				ENABLE_PREVIEWS = YES;
				GENERATE_INFOPLIST_FILE = YES;
				INFOPLIST_FILE = WalletHwang/Info.plist;
				INFOPLIST_KEY_UIApplicationSceneManifest_Generation = YES;
				INFOPLIST_KEY_UIApplicationSupportsIndirectInputEvents = YES;
				INFOPLIST_KEY_UILaunchScreen_Generation = YES;
				INFOPLIST_KEY_UISupportedInterfaceOrientations_iPad = "UIInterfaceOrientationPortrait UIInterfaceOrientationPortraitUpsideDown UIInterfaceOrientationLandscapeLeft UIInterfaceOrientationLandscapeRight";
				INFOPLIST_KEY_UISupportedInterfaceOrientations_iPhone = "UIInterfaceOrientationPortrait UIInterfaceOrientationLandscapeLeft UIInterfaceOrientationLandscapeRight";
				LD_RUNPATH_SEARCH_PATHS = (
					"$(inherited)",
					"@executable_path/Frameworks",
				);
				MARKETING_VERSION = 1.0;
				PRODUCT_BUNDLE_IDENTIFIER = com.hwangjaehyeon.WalletHwang;
				PRODUCT_NAME = "$(TARGET_NAME)";
				SWIFT_EMIT_LOC_STRINGS = YES;
				SWIFT_VERSION = 5.0;
				TARGETED_DEVICE_FAMILY = "1,2";
			};
			name = Debug;
		};
		D26E761A28BEE55400B44465 /* Release */ = {
			isa = XCBuildConfiguration;
			buildSettings = {
				ASSETCATALOG_COMPILER_APPICON_NAME = AppIcon;
				ASSETCATALOG_COMPILER_GLOBAL_ACCENT_COLOR_NAME = AccentColor;
				CODE_SIGN_STYLE = Automatic;
				CURRENT_PROJECT_VERSION = 1;
				DEVELOPMENT_ASSET_PATHS = "\"WalletHwang/Preview Content\"";
				DEVELOPMENT_TEAM = GW6LAXH5RW;
				ENABLE_PREVIEWS = YES;
				GENERATE_INFOPLIST_FILE = YES;
				INFOPLIST_FILE = WalletHwang/Info.plist;
				INFOPLIST_KEY_UIApplicationSceneManifest_Generation = YES;
				INFOPLIST_KEY_UIApplicationSupportsIndirectInputEvents = YES;
				INFOPLIST_KEY_UILaunchScreen_Generation = YES;
				INFOPLIST_KEY_UISupportedInterfaceOrientations_iPad = "UIInterfaceOrientationPortrait UIInterfaceOrientationPortraitUpsideDown UIInterfaceOrientationLandscapeLeft UIInterfaceOrientationLandscapeRight";
				INFOPLIST_KEY_UISupportedInterfaceOrientations_iPhone = "UIInterfaceOrientationPortrait UIInterfaceOrientationLandscapeLeft UIInterfaceOrientationLandscapeRight";
				LD_RUNPATH_SEARCH_PATHS = (
					"$(inherited)",
					"@executable_path/Frameworks",
				);
				MARKETING_VERSION = 1.0;
				PRODUCT_BUNDLE_IDENTIFIER = com.hwangjaehyeon.WalletHwang;
				PRODUCT_NAME = "$(TARGET_NAME)";
				SWIFT_EMIT_LOC_STRINGS = YES;
				SWIFT_VERSION = 5.0;
				TARGETED_DEVICE_FAMILY = "1,2";
			};
			name = Release;
		};
		D26E761C28BEE55400B44465 /* Debug */ = {
			isa = XCBuildConfiguration;
			buildSettings = {
				ALWAYS_EMBED_SWIFT_STANDARD_LIBRARIES = YES;
				BUNDLE_LOADER = "$(TEST_HOST)";
				CODE_SIGN_STYLE = Automatic;
				CURRENT_PROJECT_VERSION = 1;
				DEVELOPMENT_TEAM = GW6LAXH5RW;
				GENERATE_INFOPLIST_FILE = YES;
				IPHONEOS_DEPLOYMENT_TARGET = 15.5;
				MARKETING_VERSION = 1.0;
				PRODUCT_BUNDLE_IDENTIFIER = com.hwangjaehyeon.WalletHwangTests;
				PRODUCT_NAME = "$(TARGET_NAME)";
				SWIFT_EMIT_LOC_STRINGS = NO;
				SWIFT_VERSION = 5.0;
				TARGETED_DEVICE_FAMILY = "1,2";
				TEST_HOST = "$(BUILT_PRODUCTS_DIR)/WalletHwang.app/WalletHwang";
			};
			name = Debug;
		};
		D26E761D28BEE55400B44465 /* Release */ = {
			isa = XCBuildConfiguration;
			buildSettings = {
				ALWAYS_EMBED_SWIFT_STANDARD_LIBRARIES = YES;
				BUNDLE_LOADER = "$(TEST_HOST)";
				CODE_SIGN_STYLE = Automatic;
				CURRENT_PROJECT_VERSION = 1;
				DEVELOPMENT_TEAM = GW6LAXH5RW;
				GENERATE_INFOPLIST_FILE = YES;
				IPHONEOS_DEPLOYMENT_TARGET = 15.5;
				MARKETING_VERSION = 1.0;
				PRODUCT_BUNDLE_IDENTIFIER = com.hwangjaehyeon.WalletHwangTests;
				PRODUCT_NAME = "$(TARGET_NAME)";
				SWIFT_EMIT_LOC_STRINGS = NO;
				SWIFT_VERSION = 5.0;
				TARGETED_DEVICE_FAMILY = "1,2";
				TEST_HOST = "$(BUILT_PRODUCTS_DIR)/WalletHwang.app/WalletHwang";
			};
			name = Release;
		};
		D26E761F28BEE55400B44465 /* Debug */ = {
			isa = XCBuildConfiguration;
			buildSettings = {
				ALWAYS_EMBED_SWIFT_STANDARD_LIBRARIES = YES;
				CODE_SIGN_STYLE = Automatic;
				CURRENT_PROJECT_VERSION = 1;
				DEVELOPMENT_TEAM = GW6LAXH5RW;
				GENERATE_INFOPLIST_FILE = YES;
				MARKETING_VERSION = 1.0;
				PRODUCT_BUNDLE_IDENTIFIER = com.hwangjaehyeon.WalletHwangUITests;
				PRODUCT_NAME = "$(TARGET_NAME)";
				SWIFT_EMIT_LOC_STRINGS = NO;
				SWIFT_VERSION = 5.0;
				TARGETED_DEVICE_FAMILY = "1,2";
				TEST_TARGET_NAME = WalletHwang;
			};
			name = Debug;
		};
		D26E762028BEE55400B44465 /* Release */ = {
			isa = XCBuildConfiguration;
			buildSettings = {
				ALWAYS_EMBED_SWIFT_STANDARD_LIBRARIES = YES;
				CODE_SIGN_STYLE = Automatic;
				CURRENT_PROJECT_VERSION = 1;
				DEVELOPMENT_TEAM = GW6LAXH5RW;
				GENERATE_INFOPLIST_FILE = YES;
				MARKETING_VERSION = 1.0;
				PRODUCT_BUNDLE_IDENTIFIER = com.hwangjaehyeon.WalletHwangUITests;
				PRODUCT_NAME = "$(TARGET_NAME)";
				SWIFT_EMIT_LOC_STRINGS = NO;
				SWIFT_VERSION = 5.0;
				TARGETED_DEVICE_FAMILY = "1,2";
				TEST_TARGET_NAME = WalletHwang;
			};
			name = Release;
		};
/* End XCBuildConfiguration section */

/* Begin XCConfigurationList section */
		D26E75EF28BEE55100B44465 /* Build configuration list for PBXProject "WalletHwang" */ = {
			isa = XCConfigurationList;
			buildConfigurations = (
				D26E761628BEE55400B44465 /* Debug */,
				D26E761728BEE55400B44465 /* Release */,
			);
			defaultConfigurationIsVisible = 0;
			defaultConfigurationName = Release;
		};
		D26E761828BEE55400B44465 /* Build configuration list for PBXNativeTarget "WalletHwang" */ = {
			isa = XCConfigurationList;
			buildConfigurations = (
				D26E761928BEE55400B44465 /* Debug */,
				D26E761A28BEE55400B44465 /* Release */,
			);
			defaultConfigurationIsVisible = 0;
			defaultConfigurationName = Release;
		};
		D26E761B28BEE55400B44465 /* Build configuration list for PBXNativeTarget "WalletHwangTests" */ = {
			isa = XCConfigurationList;
			buildConfigurations = (
				D26E761C28BEE55400B44465 /* Debug */,
				D26E761D28BEE55400B44465 /* Release */,
			);
			defaultConfigurationIsVisible = 0;
			defaultConfigurationName = Release;
		};
		D26E761E28BEE55400B44465 /* Build configuration list for PBXNativeTarget "WalletHwangUITests" */ = {
			isa = XCConfigurationList;
			buildConfigurations = (
				D26E761F28BEE55400B44465 /* Debug */,
				D26E762028BEE55400B44465 /* Release */,
			);
			defaultConfigurationIsVisible = 0;
			defaultConfigurationName = Release;
		};
/* End XCConfigurationList section */

/* Begin XCRemoteSwiftPackageReference section */
		D26E762128BEE59700B44465 /* XCRemoteSwiftPackageReference "WalletConnectSwift" */ = {
			isa = XCRemoteSwiftPackageReference;
			repositoryURL = "https://github.com/WalletConnect/WalletConnectSwift.git";
			requirement = {
				kind = upToNextMajorVersion;
				minimumVersion = 1.0.0;
			};
		};
/* End XCRemoteSwiftPackageReference section */

/* Begin XCSwiftPackageProductDependency section */
		D26E762228BEE59700B44465 /* WalletConnectSwift */ = {
			isa = XCSwiftPackageProductDependency;
			package = D26E762128BEE59700B44465 /* XCRemoteSwiftPackageReference "WalletConnectSwift" */;
			productName = WalletConnectSwift;
		};
/* End XCSwiftPackageProductDependency section */
	};
	rootObject = D26E75EC28BEE55100B44465 /* Project object */;
}
